
Microsoft Visual Studio Solution File, Format Version 12.00
# Visual Studio Version 17
VisualStudioVersion = 17.2.32516.85
MinimumVisualStudioVersion = 10.0.40219.1
Project("{FAE04EC0-301F-11D3-BF4B-00C04F79EFBC}") = "ex002", "ex002\ex002.csproj", "{1FEB953F-D4B9-40E0-94F6-F359A57A0E00}"
EndProject
Global
	GlobalSection(SolutionConfigurationPlatforms) = preSolution
		Debug|Any CPU = Debug|Any CPU
		Release|Any CPU = Release|Any CPU
	EndGlobalSection
	GlobalSection(ProjectConfigurationPlatforms) = postSolution
		{1FEB953F-D4B9-40E0-94F6-F359A57A0E00}.Debug|Any CPU.ActiveCfg = Debug|Any CPU
		{1FEB953F-D4B9-40E0-94F6-F359A57A0E00}.Debug|Any CPU.Build.0 = Debug|Any CPU
		{1FEB953F-D4B9-40E0-94F6-F359A57A0E00}.Release|Any CPU.ActiveCfg = Release|Any CPU
		{1FEB953F-D4B9-40E0-94F6-F359A57A0E00}.Release|Any CPU.Build.0 = Release|Any CPU
	EndGlobalSection
	GlobalSection(SolutionProperties) = preSolution
		HideSolutionNode = FALSE
	EndGlobalSection
	GlobalSection(ExtensibilityGlobals) = postSolution
		SolutionGuid = {4AEFDB05-AA49-4388-9660-A1DE79C74C45}
	EndGlobalSection
EndGlobal
