
Microsoft Visual Studio Solution File, Format Version 12.00
# Visual Studio Version 17
VisualStudioVersion = 17.2.32516.85
MinimumVisualStudioVersion = 10.0.40219.1
Project("{FAE04EC0-301F-11D3-BF4B-00C04F79EFBC}") = "Estoque", "Estoque\Estoque.csproj", "{A593B45B-F461-42B2-BB40-CA804851B3E0}"
EndProject
Global
	GlobalSection(SolutionConfigurationPlatforms) = preSolution
		Debug|Any CPU = Debug|Any CPU
		Release|Any CPU = Release|Any CPU
	EndGlobalSection
	GlobalSection(ProjectConfigurationPlatforms) = postSolution
		{A593B45B-F461-42B2-BB40-CA804851B3E0}.Debug|Any CPU.ActiveCfg = Debug|Any CPU
		{A593B45B-F461-42B2-BB40-CA804851B3E0}.Debug|Any CPU.Build.0 = Debug|Any CPU
		{A593B45B-F461-42B2-BB40-CA804851B3E0}.Release|Any CPU.ActiveCfg = Release|Any CPU
		{A593B45B-F461-42B2-BB40-CA804851B3E0}.Release|Any CPU.Build.0 = Release|Any CPU
	EndGlobalSection
	GlobalSection(SolutionProperties) = preSolution
		HideSolutionNode = FALSE
	EndGlobalSection
	GlobalSection(ExtensibilityGlobals) = postSolution
		SolutionGuid = {473E9E88-211A-4F36-A5A8-5F4E20B35E90}
	EndGlobalSection
EndGlobal
