
Microsoft Visual Studio Solution File, Format Version 12.00
# Visual Studio Version 17
VisualStudioVersion = 17.2.32516.85
MinimumVisualStudioVersion = 10.0.40219.1
Project("{FAE04EC0-301F-11D3-BF4B-00C04F79EFBC}") = "Triangulos", "Triangulos\Triangulos.csproj", "{B57AEE83-A114-4FFD-801B-F0A77138A7CD}"
EndProject
Global
	GlobalSection(SolutionConfigurationPlatforms) = preSolution
		Debug|Any CPU = Debug|Any CPU
		Release|Any CPU = Release|Any CPU
	EndGlobalSection
	GlobalSection(ProjectConfigurationPlatforms) = postSolution
		{B57AEE83-A114-4FFD-801B-F0A77138A7CD}.Debug|Any CPU.ActiveCfg = Debug|Any CPU
		{B57AEE83-A114-4FFD-801B-F0A77138A7CD}.Debug|Any CPU.Build.0 = Debug|Any CPU
		{B57AEE83-A114-4FFD-801B-F0A77138A7CD}.Release|Any CPU.ActiveCfg = Release|Any CPU
		{B57AEE83-A114-4FFD-801B-F0A77138A7CD}.Release|Any CPU.Build.0 = Release|Any CPU
	EndGlobalSection
	GlobalSection(SolutionProperties) = preSolution
		HideSolutionNode = FALSE
	EndGlobalSection
	GlobalSection(ExtensibilityGlobals) = postSolution
		SolutionGuid = {8E320080-A292-4BF1-9141-A9EDA65ECBC7}
	EndGlobalSection
EndGlobal
