
Microsoft Visual Studio Solution File, Format Version 12.00
# Visual Studio Version 17
VisualStudioVersion = 17.2.32516.85
MinimumVisualStudioVersion = 10.0.40219.1
Project("{FAE04EC0-301F-11D3-BF4B-00C04F79EFBC}") = "Circulo", "Circulo\Circulo.csproj", "{C668BC9E-DD82-4D88-A7D6-4EC3476245C4}"
EndProject
Global
	GlobalSection(SolutionConfigurationPlatforms) = preSolution
		Debug|Any CPU = Debug|Any CPU
		Release|Any CPU = Release|Any CPU
	EndGlobalSection
	GlobalSection(ProjectConfigurationPlatforms) = postSolution
		{C668BC9E-DD82-4D88-A7D6-4EC3476245C4}.Debug|Any CPU.ActiveCfg = Debug|Any CPU
		{C668BC9E-DD82-4D88-A7D6-4EC3476245C4}.Debug|Any CPU.Build.0 = Debug|Any CPU
		{C668BC9E-DD82-4D88-A7D6-4EC3476245C4}.Release|Any CPU.ActiveCfg = Release|Any CPU
		{C668BC9E-DD82-4D88-A7D6-4EC3476245C4}.Release|Any CPU.Build.0 = Release|Any CPU
	EndGlobalSection
	GlobalSection(SolutionProperties) = preSolution
		HideSolutionNode = FALSE
	EndGlobalSection
	GlobalSection(ExtensibilityGlobals) = postSolution
		SolutionGuid = {D0EC80CD-CB0C-43AA-95A1-D1035DBEDC1D}
	EndGlobalSection
EndGlobal
