
Microsoft Visual Studio Solution File, Format Version 12.00
# Visual Studio Version 17
VisualStudioVersion = 17.2.32516.85
MinimumVisualStudioVersion = 10.0.40219.1
Project("{FAE04EC0-301F-11D3-BF4B-00C04F79EFBC}") = "Ex007", "Ex007\Ex007.csproj", "{417AF5A1-C921-4D02-B82E-FF01C40F0507}"
EndProject
Global
	GlobalSection(SolutionConfigurationPlatforms) = preSolution
		Debug|Any CPU = Debug|Any CPU
		Release|Any CPU = Release|Any CPU
	EndGlobalSection
	GlobalSection(ProjectConfigurationPlatforms) = postSolution
		{417AF5A1-C921-4D02-B82E-FF01C40F0507}.Debug|Any CPU.ActiveCfg = Debug|Any CPU
		{417AF5A1-C921-4D02-B82E-FF01C40F0507}.Debug|Any CPU.Build.0 = Debug|Any CPU
		{417AF5A1-C921-4D02-B82E-FF01C40F0507}.Release|Any CPU.ActiveCfg = Release|Any CPU
		{417AF5A1-C921-4D02-B82E-FF01C40F0507}.Release|Any CPU.Build.0 = Release|Any CPU
	EndGlobalSection
	GlobalSection(SolutionProperties) = preSolution
		HideSolutionNode = FALSE
	EndGlobalSection
	GlobalSection(ExtensibilityGlobals) = postSolution
		SolutionGuid = {743B9F60-8B5B-46FB-9218-C8037FB0D8B6}
	EndGlobalSection
EndGlobal
