
Microsoft Visual Studio Solution File, Format Version 12.00
# Visual Studio Version 17
VisualStudioVersion = 17.2.32516.85
MinimumVisualStudioVersion = 10.0.40219.1
Project("{FAE04EC0-301F-11D3-BF4B-00C04F79EFBC}") = "Ex003", "Ex003\Ex003.csproj", "{34606F2F-4CC0-48FC-A8CD-56F2F0C51C67}"
EndProject
Global
	GlobalSection(SolutionConfigurationPlatforms) = preSolution
		Debug|Any CPU = Debug|Any CPU
		Release|Any CPU = Release|Any CPU
	EndGlobalSection
	GlobalSection(ProjectConfigurationPlatforms) = postSolution
		{34606F2F-4CC0-48FC-A8CD-56F2F0C51C67}.Debug|Any CPU.ActiveCfg = Debug|Any CPU
		{34606F2F-4CC0-48FC-A8CD-56F2F0C51C67}.Debug|Any CPU.Build.0 = Debug|Any CPU
		{34606F2F-4CC0-48FC-A8CD-56F2F0C51C67}.Release|Any CPU.ActiveCfg = Release|Any CPU
		{34606F2F-4CC0-48FC-A8CD-56F2F0C51C67}.Release|Any CPU.Build.0 = Release|Any CPU
	EndGlobalSection
	GlobalSection(SolutionProperties) = preSolution
		HideSolutionNode = FALSE
	EndGlobalSection
	GlobalSection(ExtensibilityGlobals) = postSolution
		SolutionGuid = {4BF72DE0-937F-491C-A49E-576AB4BB3C41}
	EndGlobalSection
EndGlobal
